
Microsoft Visual Studio Solution File, Format Version 12.00
# Visual Studio Version 16
VisualStudioVersion = 16.0.29326.143
MinimumVisualStudioVersion = 10.0.40219.1
Project("{FAE04EC0-301F-11D3-BF4B-00C04F79EFBC}") = "KBK-LABS", "KBK-LABS\KBK-LABS.csproj", "{4CC5525C-20ED-44C2-B9FD-6C42F27653E7}"
EndProject
Global
	GlobalSection(SolutionConfigurationPlatforms) = preSolution
		Debug|Any CPU = Debug|Any CPU
		Release|Any CPU = Release|Any CPU
	EndGlobalSection
	GlobalSection(ProjectConfigurationPlatforms) = postSolution
		{4CC5525C-20ED-44C2-B9FD-6C42F27653E7}.Debug|Any CPU.ActiveCfg = Debug|Any CPU
		{4CC5525C-20ED-44C2-B9FD-6C42F27653E7}.Debug|Any CPU.Build.0 = Debug|Any CPU
		{4CC5525C-20ED-44C2-B9FD-6C42F27653E7}.Release|Any CPU.ActiveCfg = Release|Any CPU
		{4CC5525C-20ED-44C2-B9FD-6C42F27653E7}.Release|Any CPU.Build.0 = Release|Any CPU
	EndGlobalSection
	GlobalSection(SolutionProperties) = preSolution
		HideSolutionNode = FALSE
	EndGlobalSection
	GlobalSection(ExtensibilityGlobals) = postSolution
		SolutionGuid = {EB13A19E-45C4-4FB6-9718-7E508B173706}
	EndGlobalSection
EndGlobal
